// !$*UTF8*$!
{
	archiveVersion = 1;
	classes = {
	};
	objectVersion = 77;
	objects = {

/* Begin PBXBuildFile section */
		0BC6A9074EC3AE6C342561FB /* ServerListView.swift in Sources */ = {isa = PBXBuildFile; fileRef = 0083E159B330B8B508FE039B /* ServerListView.swift */; };
		111BFA2016F0FBE8A5ECFA43 /* QuickStatsRow.swift in Sources */ = {isa = PBXBuildFile; fileRef = 12891530B7BC30168B0EB154 /* QuickStatsRow.swift */; };
		114E97614EC39E200C587F88 /* StatusBadge.swift in Sources */ = {isa = PBXBuildFile; fileRef = 8387EB815422158E9C026295 /* StatusBadge.swift */; };
		165992E609C8BC1EEE5AD4E8 /* CustomTabBar.swift in Sources */ = {isa = PBXBuildFile; fileRef = 66F32D79A095C2D4003A6F06 /* CustomTabBar.swift */; };
		319322FB489C9FADFEC7F66C /* LoginViewModel.swift in Sources */ = {isa = PBXBuildFile; fileRef = ADD733ACFAE13B90743AAA37 /* LoginViewModel.swift */; };
		3314C089959080D3F9DBE038 /* APIError.swift in Sources */ = {isa = PBXBuildFile; fileRef = 975806E95EB96747B89D941C /* APIError.swift */; };
		3DB1B228E29D9A72BE6D2D87 /* VPNGodApp.swift in Sources */ = {isa = PBXBuildFile; fileRef = 974BF143F87615280A366A95 /* VPNGodApp.swift */; };
		4204373DD9E4FCD03B35EE14 /* KeychainService.swift in Sources */ = {isa = PBXBuildFile; fileRef = A355366D8D0B466ED437561C /* KeychainService.swift */; };
		43CF867F747A8CE8C4901639 /* Server.swift in Sources */ = {isa = PBXBuildFile; fileRef = 1A22EE50EF2F3A7DE50A5B5D /* Server.swift */; };
		46C4F6E4AC79878D383BA3AC /* ServersView.swift in Sources */ = {isa = PBXBuildFile; fileRef = 46986FA72D7A2FFB95B38F3C /* ServersView.swift */; };
		4F084FAC9F90EA2F1B58416D /* SkeletonView.swift in Sources */ = {isa = PBXBuildFile; fileRef = CCD85D35E30D407DBAF6C8C7 /* SkeletonView.swift */; };
		519D6CDA2CA5A9C1697E990B /* VPNManager.swift in Sources */ = {isa = PBXBuildFile; fileRef = B3AF97C0DC9C66AFFE092B50 /* VPNManager.swift */; };
		52D5808021C94A275DF1C39F /* ServerListViewModel.swift in Sources */ = {isa = PBXBuildFile; fileRef = 1D8B6FDF471B82FADA450E59 /* ServerListViewModel.swift */; };
		5417CA7F0ADF67824C5E5AFE /* AuthView.swift in Sources */ = {isa = PBXBuildFile; fileRef = 66F9BE4C8AF1C7633D4682F4 /* AuthView.swift */; };
		5423A51CE4AED90065EA4CF3 /* PowerButton.swift in Sources */ = {isa = PBXBuildFile; fileRef = 04522C250BA2399F8CCF0457 /* PowerButton.swift */; };
		59B2DD633D62934DB52067AB /* ConnectionView.swift in Sources */ = {isa = PBXBuildFile; fileRef = 90304B537A149B7B2766769F /* ConnectionView.swift */; };
		5A754C2DD5189EB01B659EB2 /* WireGuardConfig.swift in Sources */ = {isa = PBXBuildFile; fileRef = 43981D610D4A40B1B7FA37A3 /* WireGuardConfig.swift */; };
		5B0A59C15DBE5DC841C24089 /* GradientButton.swift in Sources */ = {isa = PBXBuildFile; fileRef = 75E557789A36C33DF9FD6B1C /* GradientButton.swift */; };
		5D1D821197A2439D0ACCDC3D /* AuthService.swift in Sources */ = {isa = PBXBuildFile; fileRef = 36F5CF36D3C21B0C91FC2383 /* AuthService.swift */; };
		65DBE236E0C0AC34821E56CD /* GlassCard.swift in Sources */ = {isa = PBXBuildFile; fileRef = A9BD72D6E9381B7C2E229126 /* GlassCard.swift */; };
		6B1FFBD27546DD531D749C2C /* Assets.xcassets in Resources */ = {isa = PBXBuildFile; fileRef = CEFC21B8616FE8E8EB455958 /* Assets.xcassets */; };
		6BFAC16C4E86F289A181E507 /* ServerCard.swift in Sources */ = {isa = PBXBuildFile; fileRef = A4E19E8AB3EF29EEEA32D36E /* ServerCard.swift */; };
		77A80C21330207FBE935FFA0 /* WireGuardKit in Frameworks */ = {isa = PBXBuildFile; productRef = 6B2645556CC991CDD2AA9DAD /* WireGuardKit */; };
		793A833B1F97CA2D5E415DE2 /* Spacing.swift in Sources */ = {isa = PBXBuildFile; fileRef = 172BC76DF9B808133FC235B3 /* Spacing.swift */; };
		8F4A5E0B6347B4EE7CE980E1 /* Typography.swift in Sources */ = {isa = PBXBuildFile; fileRef = 3813D598DC18ECD1C489957B /* Typography.swift */; };
		9D8043D46A57E56BEE8C5EDE /* Colors.swift in Sources */ = {isa = PBXBuildFile; fileRef = C8C0C8EF0010956B620E6130 /* Colors.swift */; };
		A71BB6C1B29082426C93B955 /* ServerRow.swift in Sources */ = {isa = PBXBuildFile; fileRef = 62D0C6D6EFA2578BFB01FAD5 /* ServerRow.swift */; };
		AE78A8DCBF37173CC7A3DA6B /* IPAddressCard.swift in Sources */ = {isa = PBXBuildFile; fileRef = 68B7E000A64B4FF7C22FB5A0 /* IPAddressCard.swift */; };
		BA7ABF62F5C3EB9E5997E175 /* PacketTunnelProvider.swift in Sources */ = {isa = PBXBuildFile; fileRef = 99E913E13A559187D389210A /* PacketTunnelProvider.swift */; };
		C3304AAE29EA1F0F3AFFA6C9 /* HomeView.swift in Sources */ = {isa = PBXBuildFile; fileRef = 4C216BF2FC4E10EB47331CA6 /* HomeView.swift */; };
		CA252858BA14AFC5094054EE /* APIClient.swift in Sources */ = {isa = PBXBuildFile; fileRef = 36365DD09DDCB5D8B95DA08E /* APIClient.swift */; };
		CB0BF9B04C8E6F19C0B6DD64 /* RegisterViewModel.swift in Sources */ = {isa = PBXBuildFile; fileRef = 361B8B3A2BE1B5C2713B5537 /* RegisterViewModel.swift */; };
		D5AF44FF3DD721A3BC9D6FEF /* PacketTunnel.appex in Embed Foundation Extensions */ = {isa = PBXBuildFile; fileRef = 6E0E4DE364E7C9F5ADC87092 /* PacketTunnel.appex */; settings = {ATTRIBUTES = (RemoveHeadersOnCopy, ); }; };
		D65699B5FD0F57C7CB1A4763 /* CustomTextField.swift in Sources */ = {isa = PBXBuildFile; fileRef = 1356A57495C5EF3B21195FA6 /* CustomTextField.swift */; };
		DF981B5CAF572AC12E25EAC1 /* AuthModels.swift in Sources */ = {isa = PBXBuildFile; fileRef = 09E66635BF1366130E2BCAD4 /* AuthModels.swift */; };
		E091BC15F9C0B42AC6D467BF /* FavoritesService.swift in Sources */ = {isa = PBXBuildFile; fileRef = 30F930A10B68AEFA2C00F6A7 /* FavoritesService.swift */; };
		E289F31EA01F6CD2C41A430E /* SettingsView.swift in Sources */ = {isa = PBXBuildFile; fileRef = C960B2BCCF82E8CF37176B01 /* SettingsView.swift */; };
		F5351163E942799F9232455B /* MainTabView.swift in Sources */ = {isa = PBXBuildFile; fileRef = 554A71263A85AC5BC642013E /* MainTabView.swift */; };
		F60BF42B7974FABC72FD16E0 /* OnboardingView.swift in Sources */ = {isa = PBXBuildFile; fileRef = D441630D27D59B281E26B291 /* OnboardingView.swift */; };
		FECE0613FF47C2C3BC3DA723 /* ServerSelectionSheet.swift in Sources */ = {isa = PBXBuildFile; fileRef = 470BD1F9ACE84A929A09B0CA /* ServerSelectionSheet.swift */; };
/* End PBXBuildFile section */

/* Begin PBXContainerItemProxy section */
		4E708ECB6EB5DB62AA36936A /* PBXContainerItemProxy */ = {
			isa = PBXContainerItemProxy;
			containerPortal = 5FE953C0D29D826862F90BBF /* Project object */;
			proxyType = 1;
			remoteGlobalIDString = C6AF673D18A7CF60C336F8F8;
			remoteInfo = PacketTunnel;
		};
/* End PBXContainerItemProxy section */

/* Begin PBXCopyFilesBuildPhase section */
		E404293801B8C100B24E964C /* Embed Foundation Extensions */ = {
			isa = PBXCopyFilesBuildPhase;
			buildActionMask = 2147483647;
			dstPath = "";
			dstSubfolderSpec = 13;
			files = (
				D5AF44FF3DD721A3BC9D6FEF /* PacketTunnel.appex in Embed Foundation Extensions */,
			);
			name = "Embed Foundation Extensions";
			runOnlyForDeploymentPostprocessing = 0;
		};
/* End PBXCopyFilesBuildPhase section */

/* Begin PBXFileReference section */
		0083E159B330B8B508FE039B /* ServerListView.swift */ = {isa = PBXFileReference; lastKnownFileType = sourcecode.swift; path = ServerListView.swift; sourceTree = "<group>"; };
		04522C250BA2399F8CCF0457 /* PowerButton.swift */ = {isa = PBXFileReference; lastKnownFileType = sourcecode.swift; path = PowerButton.swift; sourceTree = "<group>"; };
		09E66635BF1366130E2BCAD4 /* AuthModels.swift */ = {isa = PBXFileReference; lastKnownFileType = sourcecode.swift; path = AuthModels.swift; sourceTree = "<group>"; };
		12891530B7BC30168B0EB154 /* QuickStatsRow.swift */ = {isa = PBXFileReference; lastKnownFileType = sourcecode.swift; path = QuickStatsRow.swift; sourceTree = "<group>"; };
		1356A57495C5EF3B21195FA6 /* CustomTextField.swift */ = {isa = PBXFileReference; lastKnownFileType = sourcecode.swift; path = CustomTextField.swift; sourceTree = "<group>"; };
		172BC76DF9B808133FC235B3 /* Spacing.swift */ = {isa = PBXFileReference; lastKnownFileType = sourcecode.swift; path = Spacing.swift; sourceTree = "<group>"; };
		1A22EE50EF2F3A7DE50A5B5D /* Server.swift */ = {isa = PBXFileReference; lastKnownFileType = sourcecode.swift; path = Server.swift; sourceTree = "<group>"; };
		1D8B6FDF471B82FADA450E59 /* ServerListViewModel.swift */ = {isa = PBXFileReference; lastKnownFileType = sourcecode.swift; path = ServerListViewModel.swift; sourceTree = "<group>"; };
		30F930A10B68AEFA2C00F6A7 /* FavoritesService.swift */ = {isa = PBXFileReference; lastKnownFileType = sourcecode.swift; path = FavoritesService.swift; sourceTree = "<group>"; };
		361B8B3A2BE1B5C2713B5537 /* RegisterViewModel.swift */ = {isa = PBXFileReference; lastKnownFileType = sourcecode.swift; path = RegisterViewModel.swift; sourceTree = "<group>"; };
		36365DD09DDCB5D8B95DA08E /* APIClient.swift */ = {isa = PBXFileReference; lastKnownFileType = sourcecode.swift; path = APIClient.swift; sourceTree = "<group>"; };
		36F5CF36D3C21B0C91FC2383 /* AuthService.swift */ = {isa = PBXFileReference; lastKnownFileType = sourcecode.swift; path = AuthService.swift; sourceTree = "<group>"; };
		3813D598DC18ECD1C489957B /* Typography.swift */ = {isa = PBXFileReference; lastKnownFileType = sourcecode.swift; path = Typography.swift; sourceTree = "<group>"; };
		43981D610D4A40B1B7FA37A3 /* WireGuardConfig.swift */ = {isa = PBXFileReference; lastKnownFileType = sourcecode.swift; path = WireGuardConfig.swift; sourceTree = "<group>"; };
		46986FA72D7A2FFB95B38F3C /* ServersView.swift */ = {isa = PBXFileReference; lastKnownFileType = sourcecode.swift; path = ServersView.swift; sourceTree = "<group>"; };
		470BD1F9ACE84A929A09B0CA /* ServerSelectionSheet.swift */ = {isa = PBXFileReference; lastKnownFileType = sourcecode.swift; path = ServerSelectionSheet.swift; sourceTree = "<group>"; };
		4C216BF2FC4E10EB47331CA6 /* HomeView.swift */ = {isa = PBXFileReference; lastKnownFileType = sourcecode.swift; path = HomeView.swift; sourceTree = "<group>"; };
		4D789473EFFCF6DCB6FA4CB2 /* Info.plist */ = {isa = PBXFileReference; lastKnownFileType = text.plist; path = Info.plist; sourceTree = "<group>"; };
		554A71263A85AC5BC642013E /* MainTabView.swift */ = {isa = PBXFileReference; lastKnownFileType = sourcecode.swift; path = MainTabView.swift; sourceTree = "<group>"; };
		62D0C6D6EFA2578BFB01FAD5 /* ServerRow.swift */ = {isa = PBXFileReference; lastKnownFileType = sourcecode.swift; path = ServerRow.swift; sourceTree = "<group>"; };
		66F32D79A095C2D4003A6F06 /* CustomTabBar.swift */ = {isa = PBXFileReference; lastKnownFileType = sourcecode.swift; path = CustomTabBar.swift; sourceTree = "<group>"; };
		66F9BE4C8AF1C7633D4682F4 /* AuthView.swift */ = {isa = PBXFileReference; lastKnownFileType = sourcecode.swift; path = AuthView.swift; sourceTree = "<group>"; };
		68B7E000A64B4FF7C22FB5A0 /* IPAddressCard.swift */ = {isa = PBXFileReference; lastKnownFileType = sourcecode.swift; path = IPAddressCard.swift; sourceTree = "<group>"; };
		6E0E4DE364E7C9F5ADC87092 /* PacketTunnel.appex */ = {isa = PBXFileReference; includeInIndex = 0; lastKnownFileType = "wrapper.app-extension"; path = PacketTunnel.appex; sourceTree = BUILT_PRODUCTS_DIR; };
		70C63579F5DDB880E5E816E4 /* Debug.xcconfig */ = {isa = PBXFileReference; lastKnownFileType = text.xcconfig; path = Debug.xcconfig; sourceTree = "<group>"; };
		75E557789A36C33DF9FD6B1C /* GradientButton.swift */ = {isa = PBXFileReference; lastKnownFileType = sourcecode.swift; path = GradientButton.swift; sourceTree = "<group>"; };
		7C58ACEDDC5243D65D54DF35 /* VPNGod.app */ = {isa = PBXFileReference; includeInIndex = 0; lastKnownFileType = wrapper.application; path = VPNGod.app; sourceTree = BUILT_PRODUCTS_DIR; };
		80FFF58CE74B8E730685B059 /* PacketTunnel.xcconfig */ = {isa = PBXFileReference; lastKnownFileType = text.xcconfig; path = PacketTunnel.xcconfig; sourceTree = "<group>"; };
		8387EB815422158E9C026295 /* StatusBadge.swift */ = {isa = PBXFileReference; lastKnownFileType = sourcecode.swift; path = StatusBadge.swift; sourceTree = "<group>"; };
		90304B537A149B7B2766769F /* ConnectionView.swift */ = {isa = PBXFileReference; lastKnownFileType = sourcecode.swift; path = ConnectionView.swift; sourceTree = "<group>"; };
		974BF143F87615280A366A95 /* VPNGodApp.swift */ = {isa = PBXFileReference; lastKnownFileType = sourcecode.swift; path = VPNGodApp.swift; sourceTree = "<group>"; };
		975806E95EB96747B89D941C /* APIError.swift */ = {isa = PBXFileReference; lastKnownFileType = sourcecode.swift; path = APIError.swift; sourceTree = "<group>"; };
		99E913E13A559187D389210A /* PacketTunnelProvider.swift */ = {isa = PBXFileReference; lastKnownFileType = sourcecode.swift; path = PacketTunnelProvider.swift; sourceTree = "<group>"; };
		A355366D8D0B466ED437561C /* KeychainService.swift */ = {isa = PBXFileReference; lastKnownFileType = sourcecode.swift; path = KeychainService.swift; sourceTree = "<group>"; };
		A4E19E8AB3EF29EEEA32D36E /* ServerCard.swift */ = {isa = PBXFileReference; lastKnownFileType = sourcecode.swift; path = ServerCard.swift; sourceTree = "<group>"; };
		A9BD72D6E9381B7C2E229126 /* GlassCard.swift */ = {isa = PBXFileReference; lastKnownFileType = sourcecode.swift; path = GlassCard.swift; sourceTree = "<group>"; };
		AA9C46A74141454825D37121 /* amneziawg-apple */ = {isa = PBXFileReference; lastKnownFileType = folder; name = "amneziawg-apple"; path = "../amneziawg-apple"; sourceTree = SOURCE_ROOT; };
		ADD733ACFAE13B90743AAA37 /* LoginViewModel.swift */ = {isa = PBXFileReference; lastKnownFileType = sourcecode.swift; path = LoginViewModel.swift; sourceTree = "<group>"; };
		B3AF97C0DC9C66AFFE092B50 /* VPNManager.swift */ = {isa = PBXFileReference; lastKnownFileType = sourcecode.swift; path = VPNManager.swift; sourceTree = "<group>"; };
		C155DE43C5EB3256781248FC /* Release.xcconfig */ = {isa = PBXFileReference; lastKnownFileType = text.xcconfig; path = Release.xcconfig; sourceTree = "<group>"; };
		C8C0C8EF0010956B620E6130 /* Colors.swift */ = {isa = PBXFileReference; lastKnownFileType = sourcecode.swift; path = Colors.swift; sourceTree = "<group>"; };
		C960B2BCCF82E8CF37176B01 /* SettingsView.swift */ = {isa = PBXFileReference; lastKnownFileType = sourcecode.swift; path = SettingsView.swift; sourceTree = "<group>"; };
		CCD85D35E30D407DBAF6C8C7 /* SkeletonView.swift */ = {isa = PBXFileReference; lastKnownFileType = sourcecode.swift; path = SkeletonView.swift; sourceTree = "<group>"; };
		CEFC21B8616FE8E8EB455958 /* Assets.xcassets */ = {isa = PBXFileReference; lastKnownFileType = folder.assetcatalog; path = Assets.xcassets; sourceTree = "<group>"; };
		D04C43D26D6A7E4C7CAF6029 /* Info.plist */ = {isa = PBXFileReference; lastKnownFileType = text.plist; path = Info.plist; sourceTree = "<group>"; };
		D441630D27D59B281E26B291 /* OnboardingView.swift */ = {isa = PBXFileReference; lastKnownFileType = sourcecode.swift; path = OnboardingView.swift; sourceTree = "<group>"; };
		DCA040B594CB2708E3FF4529 /* PacketTunnel.entitlements */ = {isa = PBXFileReference; lastKnownFileType = text.plist.entitlements; path = PacketTunnel.entitlements; sourceTree = "<group>"; };
		FDB48CA65D3BCA11E2CE111B /* VPNGod.entitlements */ = {isa = PBXFileReference; lastKnownFileType = text.plist.entitlements; path = VPNGod.entitlements; sourceTree = "<group>"; };
/* End PBXFileReference section */

/* Begin PBXFrameworksBuildPhase section */
		7A7287304226E9CC450C3819 /* Frameworks */ = {
			isa = PBXFrameworksBuildPhase;
			buildActionMask = 2147483647;
			files = (
				77A80C21330207FBE935FFA0 /* WireGuardKit in Frameworks */,
			);
			runOnlyForDeploymentPostprocessing = 0;
		};
/* End PBXFrameworksBuildPhase section */

/* Begin PBXGroup section */
		049E25B2D3F95B4821CC56A5 /* Onboarding */ = {
			isa = PBXGroup;
			children = (
				D441630D27D59B281E26B291 /* OnboardingView.swift */,
			);
			path = Onboarding;
			sourceTree = "<group>";
		};
		141BEC82EA664EDC0F92A86C /* VPNGod */ = {
			isa = PBXGroup;
			children = (
				CEFC21B8616FE8E8EB455958 /* Assets.xcassets */,
				8C84C3C9458979EB88D3FA04 /* App */,
				F235E1346089D2EBB7652796 /* DesignSystem */,
				4150A7666DF825DF4ABB6674 /* Models */,
				66E7E86F45B16B48BDD3FE07 /* Services */,
				9D1AEFF542401DB5BC6C5EDE /* ViewModels */,
				FF00DB92CCB7C7E41A418485 /* Views */,
			);
			path = VPNGod;
			sourceTree = "<group>";
		};
		4150A7666DF825DF4ABB6674 /* Models */ = {
			isa = PBXGroup;
			children = (
				975806E95EB96747B89D941C /* APIError.swift */,
				09E66635BF1366130E2BCAD4 /* AuthModels.swift */,
				1A22EE50EF2F3A7DE50A5B5D /* Server.swift */,
				43981D610D4A40B1B7FA37A3 /* WireGuardConfig.swift */,
			);
			path = Models;
			sourceTree = "<group>";
		};
		485B57733F976D7F18041559 /* Packages */ = {
			isa = PBXGroup;
			children = (
				AA9C46A74141454825D37121 /* amneziawg-apple */,
			);
			name = Packages;
			sourceTree = "<group>";
		};
		66E7E86F45B16B48BDD3FE07 /* Services */ = {
			isa = PBXGroup;
			children = (
				36365DD09DDCB5D8B95DA08E /* APIClient.swift */,
				36F5CF36D3C21B0C91FC2383 /* AuthService.swift */,
				30F930A10B68AEFA2C00F6A7 /* FavoritesService.swift */,
				A355366D8D0B466ED437561C /* KeychainService.swift */,
				B3AF97C0DC9C66AFFE092B50 /* VPNManager.swift */,
			);
			path = Services;
			sourceTree = "<group>";
		};
		8C84C3C9458979EB88D3FA04 /* App */ = {
			isa = PBXGroup;
			children = (
				D04C43D26D6A7E4C7CAF6029 /* Info.plist */,
				FDB48CA65D3BCA11E2CE111B /* VPNGod.entitlements */,
				974BF143F87615280A366A95 /* VPNGodApp.swift */,
			);
			path = App;
			sourceTree = "<group>";
		};
		9D1AEFF542401DB5BC6C5EDE /* ViewModels */ = {
			isa = PBXGroup;
			children = (
				ADD733ACFAE13B90743AAA37 /* LoginViewModel.swift */,
				361B8B3A2BE1B5C2713B5537 /* RegisterViewModel.swift */,
				1D8B6FDF471B82FADA450E59 /* ServerListViewModel.swift */,
			);
			path = ViewModels;
			sourceTree = "<group>";
		};
		A09033B715249E786675EE6A /* PacketTunnel */ = {
			isa = PBXGroup;
			children = (
				4D789473EFFCF6DCB6FA4CB2 /* Info.plist */,
				DCA040B594CB2708E3FF4529 /* PacketTunnel.entitlements */,
				80FFF58CE74B8E730685B059 /* PacketTunnel.xcconfig */,
				99E913E13A559187D389210A /* PacketTunnelProvider.swift */,
			);
			path = PacketTunnel;
			sourceTree = "<group>";
		};
		A7C189D8A186D50C6DC8E06D /* Servers */ = {
			isa = PBXGroup;
			children = (
				470BD1F9ACE84A929A09B0CA /* ServerSelectionSheet.swift */,
				46986FA72D7A2FFB95B38F3C /* ServersView.swift */,
			);
			path = Servers;
			sourceTree = "<group>";
		};
		B8156AA6099C0084394869AC /* Components */ = {
			isa = PBXGroup;
			children = (
				66F32D79A095C2D4003A6F06 /* CustomTabBar.swift */,
				1356A57495C5EF3B21195FA6 /* CustomTextField.swift */,
				A9BD72D6E9381B7C2E229126 /* GlassCard.swift */,
				75E557789A36C33DF9FD6B1C /* GradientButton.swift */,
				68B7E000A64B4FF7C22FB5A0 /* IPAddressCard.swift */,
				04522C250BA2399F8CCF0457 /* PowerButton.swift */,
				12891530B7BC30168B0EB154 /* QuickStatsRow.swift */,
				A4E19E8AB3EF29EEEA32D36E /* ServerCard.swift */,
				62D0C6D6EFA2578BFB01FAD5 /* ServerRow.swift */,
				CCD85D35E30D407DBAF6C8C7 /* SkeletonView.swift */,
				8387EB815422158E9C026295 /* StatusBadge.swift */,
			);
			path = Components;
			sourceTree = "<group>";
		};
		BFAEB6DDC26D491B688AA9A3 /* Config */ = {
			isa = PBXGroup;
			children = (
				70C63579F5DDB880E5E816E4 /* Debug.xcconfig */,
				C155DE43C5EB3256781248FC /* Release.xcconfig */,
			);
			path = Config;
			sourceTree = "<group>";
		};
		D08718DE87D86D2A23AD5759 /* Products */ = {
			isa = PBXGroup;
			children = (
				6E0E4DE364E7C9F5ADC87092 /* PacketTunnel.appex */,
				7C58ACEDDC5243D65D54DF35 /* VPNGod.app */,
			);
			name = Products;
			sourceTree = "<group>";
		};
		F07EB9E714866A2BB7A4BFA5 /* Home */ = {
			isa = PBXGroup;
			children = (
				4C216BF2FC4E10EB47331CA6 /* HomeView.swift */,
			);
			path = Home;
			sourceTree = "<group>";
		};
		F235E1346089D2EBB7652796 /* DesignSystem */ = {
			isa = PBXGroup;
			children = (
				C8C0C8EF0010956B620E6130 /* Colors.swift */,
				172BC76DF9B808133FC235B3 /* Spacing.swift */,
				3813D598DC18ECD1C489957B /* Typography.swift */,
				B8156AA6099C0084394869AC /* Components */,
			);
			path = DesignSystem;
			sourceTree = "<group>";
		};
		F42DE37B1D41C4A89DE01D7E = {
			isa = PBXGroup;
			children = (
				BFAEB6DDC26D491B688AA9A3 /* Config */,
				485B57733F976D7F18041559 /* Packages */,
				A09033B715249E786675EE6A /* PacketTunnel */,
				141BEC82EA664EDC0F92A86C /* VPNGod */,
				D08718DE87D86D2A23AD5759 /* Products */,
			);
			sourceTree = "<group>";
		};
		FF00DB92CCB7C7E41A418485 /* Views */ = {
			isa = PBXGroup;
			children = (
				66F9BE4C8AF1C7633D4682F4 /* AuthView.swift */,
				90304B537A149B7B2766769F /* ConnectionView.swift */,
				554A71263A85AC5BC642013E /* MainTabView.swift */,
				0083E159B330B8B508FE039B /* ServerListView.swift */,
				C960B2BCCF82E8CF37176B01 /* SettingsView.swift */,
				F07EB9E714866A2BB7A4BFA5 /* Home */,
				049E25B2D3F95B4821CC56A5 /* Onboarding */,
				A7C189D8A186D50C6DC8E06D /* Servers */,
			);
			path = Views;
			sourceTree = "<group>";
		};
/* End PBXGroup section */

/* Begin PBXNativeTarget section */
		C6AF673D18A7CF60C336F8F8 /* PacketTunnel */ = {
			isa = PBXNativeTarget;
			buildConfigurationList = 686E26AAF6BB3B8A1C72D838 /* Build configuration list for PBXNativeTarget "PacketTunnel" */;
			buildPhases = (
				AE8E91EEC1F649A1897B9F78 /* Sources */,
				7A7287304226E9CC450C3819 /* Frameworks */,
			);
			buildRules = (
			);
			dependencies = (
			);
			name = PacketTunnel;
			packageProductDependencies = (
				6B2645556CC991CDD2AA9DAD /* WireGuardKit */,
			);
			productName = PacketTunnel;
			productReference = 6E0E4DE364E7C9F5ADC87092 /* PacketTunnel.appex */;
			productType = "com.apple.product-type.app-extension";
		};
		E840BBFAF7FF2D1BA33305AD /* VPNGod */ = {
			isa = PBXNativeTarget;
			buildConfigurationList = 5A8400749CC1D9E6F545D839 /* Build configuration list for PBXNativeTarget "VPNGod" */;
			buildPhases = (
				3340A61F7A625E44895AC35C /* Sources */,
				FECE233F1CD55ECA01F7D375 /* Resources */,
				E404293801B8C100B24E964C /* Embed Foundation Extensions */,
			);
			buildRules = (
			);
			dependencies = (
				57CE9F0B8D197B8AC03A8AF1 /* PBXTargetDependency */,
			);
			name = VPNGod;
			packageProductDependencies = (
			);
			productName = VPNGod;
			productReference = 7C58ACEDDC5243D65D54DF35 /* VPNGod.app */;
			productType = "com.apple.product-type.application";
		};
/* End PBXNativeTarget section */

/* Begin PBXProject section */
		5FE953C0D29D826862F90BBF /* Project object */ = {
			isa = PBXProject;
			attributes = {
				BuildIndependentTargetsInParallel = YES;
				LastUpgradeCheck = 1600;
				TargetAttributes = {
				};
			};
			buildConfigurationList = 5995E59168903964F96DB97C /* Build configuration list for PBXProject "VPNGod" */;
			developmentRegion = en;
			hasScannedForEncodings = 0;
			knownRegions = (
				Base,
				en,
			);
			mainGroup = F42DE37B1D41C4A89DE01D7E;
			minimizedProjectReferenceProxies = 1;
			packageReferences = (
				D615CE1B50F03928A4CE1188 /* XCLocalSwiftPackageReference "../amneziawg-apple" */,
			);
			preferredProjectObjectVersion = 77;
			productRefGroup = D08718DE87D86D2A23AD5759 /* Products */;
			projectDirPath = "";
			projectRoot = "";
			targets = (
				C6AF673D18A7CF60C336F8F8 /* PacketTunnel */,
				E840BBFAF7FF2D1BA33305AD /* VPNGod */,
			);
		};
/* End PBXProject section */

/* Begin PBXResourcesBuildPhase section */
		FECE233F1CD55ECA01F7D375 /* Resources */ = {
			isa = PBXResourcesBuildPhase;
			buildActionMask = 2147483647;
			files = (
				6B1FFBD27546DD531D749C2C /* Assets.xcassets in Resources */,
			);
			runOnlyForDeploymentPostprocessing = 0;
		};
/* End PBXResourcesBuildPhase section */

/* Begin PBXSourcesBuildPhase section */
		3340A61F7A625E44895AC35C /* Sources */ = {
			isa = PBXSourcesBuildPhase;
			buildActionMask = 2147483647;
			files = (
				CA252858BA14AFC5094054EE /* APIClient.swift in Sources */,
				3314C089959080D3F9DBE038 /* APIError.swift in Sources */,
				DF981B5CAF572AC12E25EAC1 /* AuthModels.swift in Sources */,
				5D1D821197A2439D0ACCDC3D /* AuthService.swift in Sources */,
				5417CA7F0ADF67824C5E5AFE /* AuthView.swift in Sources */,
				9D8043D46A57E56BEE8C5EDE /* Colors.swift in Sources */,
				59B2DD633D62934DB52067AB /* ConnectionView.swift in Sources */,
				165992E609C8BC1EEE5AD4E8 /* CustomTabBar.swift in Sources */,
				D65699B5FD0F57C7CB1A4763 /* CustomTextField.swift in Sources */,
				E091BC15F9C0B42AC6D467BF /* FavoritesService.swift in Sources */,
				65DBE236E0C0AC34821E56CD /* GlassCard.swift in Sources */,
				5B0A59C15DBE5DC841C24089 /* GradientButton.swift in Sources */,
				C3304AAE29EA1F0F3AFFA6C9 /* HomeView.swift in Sources */,
				AE78A8DCBF37173CC7A3DA6B /* IPAddressCard.swift in Sources */,
				4204373DD9E4FCD03B35EE14 /* KeychainService.swift in Sources */,
				319322FB489C9FADFEC7F66C /* LoginViewModel.swift in Sources */,
				F5351163E942799F9232455B /* MainTabView.swift in Sources */,
				F60BF42B7974FABC72FD16E0 /* OnboardingView.swift in Sources */,
				5423A51CE4AED90065EA4CF3 /* PowerButton.swift in Sources */,
				111BFA2016F0FBE8A5ECFA43 /* QuickStatsRow.swift in Sources */,
				CB0BF9B04C8E6F19C0B6DD64 /* RegisterViewModel.swift in Sources */,
				43CF867F747A8CE8C4901639 /* Server.swift in Sources */,
				6BFAC16C4E86F289A181E507 /* ServerCard.swift in Sources */,
				0BC6A9074EC3AE6C342561FB /* ServerListView.swift in Sources */,
				52D5808021C94A275DF1C39F /* ServerListViewModel.swift in Sources */,
				A71BB6C1B29082426C93B955 /* ServerRow.swift in Sources */,
				FECE0613FF47C2C3BC3DA723 /* ServerSelectionSheet.swift in Sources */,
				46C4F6E4AC79878D383BA3AC /* ServersView.swift in Sources */,
				E289F31EA01F6CD2C41A430E /* SettingsView.swift in Sources */,
				4F084FAC9F90EA2F1B58416D /* SkeletonView.swift in Sources */,
				793A833B1F97CA2D5E415DE2 /* Spacing.swift in Sources */,
				114E97614EC39E200C587F88 /* StatusBadge.swift in Sources */,
				8F4A5E0B6347B4EE7CE980E1 /* Typography.swift in Sources */,
				3DB1B228E29D9A72BE6D2D87 /* VPNGodApp.swift in Sources */,
				519D6CDA2CA5A9C1697E990B /* VPNManager.swift in Sources */,
				5A754C2DD5189EB01B659EB2 /* WireGuardConfig.swift in Sources */,
			);
			runOnlyForDeploymentPostprocessing = 0;
		};
		AE8E91EEC1F649A1897B9F78 /* Sources */ = {
			isa = PBXSourcesBuildPhase;
			buildActionMask = 2147483647;
			files = (
				BA7ABF62F5C3EB9E5997E175 /* PacketTunnelProvider.swift in Sources */,
			);
			runOnlyForDeploymentPostprocessing = 0;
		};
/* End PBXSourcesBuildPhase section */

/* Begin PBXTargetDependency section */
		57CE9F0B8D197B8AC03A8AF1 /* PBXTargetDependency */ = {
			isa = PBXTargetDependency;
			target = C6AF673D18A7CF60C336F8F8 /* PacketTunnel */;
			targetProxy = 4E708ECB6EB5DB62AA36936A /* PBXContainerItemProxy */;
		};
/* End PBXTargetDependency section */

/* Begin XCBuildConfiguration section */
		1106EDA29AE354946D688434 /* Release */ = {
			isa = XCBuildConfiguration;
			buildSettings = {
				ALWAYS_SEARCH_USER_PATHS = NO;
				CLANG_ANALYZER_NONNULL = YES;
				CLANG_ANALYZER_NUMBER_OBJECT_CONVERSION = YES_AGGRESSIVE;
				CLANG_CXX_LANGUAGE_STANDARD = "gnu++14";
				CLANG_CXX_LIBRARY = "libc++";
				CLANG_ENABLE_MODULES = YES;
				CLANG_ENABLE_OBJC_ARC = YES;
				CLANG_ENABLE_OBJC_WEAK = YES;
				CLANG_WARN_BLOCK_CAPTURE_AUTORELEASING = YES;
				CLANG_WARN_BOOL_CONVERSION = YES;
				CLANG_WARN_COMMA = YES;
				CLANG_WARN_CONSTANT_CONVERSION = YES;
				CLANG_WARN_DEPRECATED_OBJC_IMPLEMENTATIONS = YES;
				CLANG_WARN_DIRECT_OBJC_ISA_USAGE = YES_ERROR;
				CLANG_WARN_DOCUMENTATION_COMMENTS = YES;
				CLANG_WARN_EMPTY_BODY = YES;
				CLANG_WARN_ENUM_CONVERSION = YES;
				CLANG_WARN_INFINITE_RECURSION = YES;
				CLANG_WARN_INT_CONVERSION = YES;
				CLANG_WARN_NON_LITERAL_NULL_CONVERSION = YES;
				CLANG_WARN_OBJC_IMPLICIT_RETAIN_SELF = YES;
				CLANG_WARN_OBJC_LITERAL_CONVERSION = YES;
				CLANG_WARN_OBJC_ROOT_CLASS = YES_ERROR;
				CLANG_WARN_QUOTED_INCLUDE_IN_FRAMEWORK_HEADER = YES;
				CLANG_WARN_RANGE_LOOP_ANALYSIS = YES;
				CLANG_WARN_STRICT_PROTOTYPES = YES;
				CLANG_WARN_SUSPICIOUS_MOVE = YES;
				CLANG_WARN_UNGUARDED_AVAILABILITY = YES_AGGRESSIVE;
				CLANG_WARN_UNREACHABLE_CODE = YES;
				CLANG_WARN__DUPLICATE_METHOD_MATCH = YES;
				COPY_PHASE_STRIP = NO;
				DEBUG_INFORMATION_FORMAT = "dwarf-with-dsym";
				ENABLE_NS_ASSERTIONS = NO;
				ENABLE_STRICT_OBJC_MSGSEND = YES;
				GCC_C_LANGUAGE_STANDARD = gnu11;
				GCC_NO_COMMON_BLOCKS = YES;
				GCC_WARN_64_TO_32_BIT_CONVERSION = YES;
				GCC_WARN_ABOUT_RETURN_TYPE = YES_ERROR;
				GCC_WARN_UNDECLARED_SELECTOR = YES;
				GCC_WARN_UNINITIALIZED_AUTOS = YES_AGGRESSIVE;
				GCC_WARN_UNUSED_FUNCTION = YES;
				GCC_WARN_UNUSED_VARIABLE = YES;
				IPHONEOS_DEPLOYMENT_TARGET = 17.0;
				MTL_ENABLE_DEBUG_INFO = NO;
				MTL_FAST_MATH = YES;
				PRODUCT_NAME = "$(TARGET_NAME)";
				SDKROOT = iphoneos;
				SWIFT_COMPILATION_MODE = wholemodule;
				SWIFT_OPTIMIZATION_LEVEL = "-O";
				SWIFT_VERSION = 5.9;
			};
			name = Release;
		};
		4116F3C367D134EE7133786D /* Release */ = {
			isa = XCBuildConfiguration;
			baseConfigurationReference = 80FFF58CE74B8E730685B059 /* PacketTunnel.xcconfig */;
			buildSettings = {
				CODE_SIGN_ENTITLEMENTS = PacketTunnel/PacketTunnel.entitlements;
				INFOPLIST_FILE = PacketTunnel/Info.plist;
				LD_RUNPATH_SEARCH_PATHS = (
					"$(inherited)",
					"@executable_path/Frameworks",
					"@executable_path/../../Frameworks",
				);
				PRODUCT_BUNDLE_IDENTIFIER = com.vpngod.VPNGod.PacketTunnel;
				SDKROOT = iphoneos;
				TARGETED_DEVICE_FAMILY = "1,2";
			};
			name = Release;
		};
		D1B220C0EE7C6FCABACF70EB /* Debug */ = {
			isa = XCBuildConfiguration;
			baseConfigurationReference = 80FFF58CE74B8E730685B059 /* PacketTunnel.xcconfig */;
			buildSettings = {
				CODE_SIGN_ENTITLEMENTS = PacketTunnel/PacketTunnel.entitlements;
				INFOPLIST_FILE = PacketTunnel/Info.plist;
				LD_RUNPATH_SEARCH_PATHS = (
					"$(inherited)",
					"@executable_path/Frameworks",
					"@executable_path/../../Frameworks",
				);
				PRODUCT_BUNDLE_IDENTIFIER = com.vpngod.VPNGod.PacketTunnel;
				SDKROOT = iphoneos;
				TARGETED_DEVICE_FAMILY = "1,2";
			};
			name = Debug;
		};
		D35CECBE1A5F6D6124062851 /* Debug */ = {
			isa = XCBuildConfiguration;
			buildSettings = {
				ALWAYS_SEARCH_USER_PATHS = NO;
				CLANG_ANALYZER_NONNULL = YES;
				CLANG_ANALYZER_NUMBER_OBJECT_CONVERSION = YES_AGGRESSIVE;
				CLANG_CXX_LANGUAGE_STANDARD = "gnu++14";
				CLANG_CXX_LIBRARY = "libc++";
				CLANG_ENABLE_MODULES = YES;
				CLANG_ENABLE_OBJC_ARC = YES;
				CLANG_ENABLE_OBJC_WEAK = YES;
				CLANG_WARN_BLOCK_CAPTURE_AUTORELEASING = YES;
				CLANG_WARN_BOOL_CONVERSION = YES;
				CLANG_WARN_COMMA = YES;
				CLANG_WARN_CONSTANT_CONVERSION = YES;
				CLANG_WARN_DEPRECATED_OBJC_IMPLEMENTATIONS = YES;
				CLANG_WARN_DIRECT_OBJC_ISA_USAGE = YES_ERROR;
				CLANG_WARN_DOCUMENTATION_COMMENTS = YES;
				CLANG_WARN_EMPTY_BODY = YES;
				CLANG_WARN_ENUM_CONVERSION = YES;
				CLANG_WARN_INFINITE_RECURSION = YES;
				CLANG_WARN_INT_CONVERSION = YES;
				CLANG_WARN_NON_LITERAL_NULL_CONVERSION = YES;
				CLANG_WARN_OBJC_IMPLICIT_RETAIN_SELF = YES;
				CLANG_WARN_OBJC_LITERAL_CONVERSION = YES;
				CLANG_WARN_OBJC_ROOT_CLASS = YES_ERROR;
				CLANG_WARN_QUOTED_INCLUDE_IN_FRAMEWORK_HEADER = YES;
				CLANG_WARN_RANGE_LOOP_ANALYSIS = YES;
				CLANG_WARN_STRICT_PROTOTYPES = YES;
				CLANG_WARN_SUSPICIOUS_MOVE = YES;
				CLANG_WARN_UNGUARDED_AVAILABILITY = YES_AGGRESSIVE;
				CLANG_WARN_UNREACHABLE_CODE = YES;
				CLANG_WARN__DUPLICATE_METHOD_MATCH = YES;
				COPY_PHASE_STRIP = NO;
				DEBUG_INFORMATION_FORMAT = dwarf;
				ENABLE_STRICT_OBJC_MSGSEND = YES;
				ENABLE_TESTABILITY = YES;
				GCC_C_LANGUAGE_STANDARD = gnu11;
				GCC_DYNAMIC_NO_PIC = NO;
				GCC_NO_COMMON_BLOCKS = YES;
				GCC_OPTIMIZATION_LEVEL = 0;
				GCC_PREPROCESSOR_DEFINITIONS = (
					"$(inherited)",
					"DEBUG=1",
				);
				GCC_WARN_64_TO_32_BIT_CONVERSION = YES;
				GCC_WARN_ABOUT_RETURN_TYPE = YES_ERROR;
				GCC_WARN_UNDECLARED_SELECTOR = YES;
				GCC_WARN_UNINITIALIZED_AUTOS = YES_AGGRESSIVE;
				GCC_WARN_UNUSED_FUNCTION = YES;
				GCC_WARN_UNUSED_VARIABLE = YES;
				IPHONEOS_DEPLOYMENT_TARGET = 17.0;
				MTL_ENABLE_DEBUG_INFO = INCLUDE_SOURCE;
				MTL_FAST_MATH = YES;
				ONLY_ACTIVE_ARCH = YES;
				PRODUCT_NAME = "$(TARGET_NAME)";
				SDKROOT = iphoneos;
				SWIFT_ACTIVE_COMPILATION_CONDITIONS = DEBUG;
				SWIFT_OPTIMIZATION_LEVEL = "-Onone";
				SWIFT_VERSION = 5.9;
			};
			name = Debug;
		};
		E38E5750A9D921F5D35135D7 /* Debug */ = {
			isa = XCBuildConfiguration;
			baseConfigurationReference = 70C63579F5DDB880E5E816E4 /* Debug.xcconfig */;
			buildSettings = {
				ASSETCATALOG_COMPILER_APPICON_NAME = AppIcon;
				CODE_SIGN_ENTITLEMENTS = VPNGod/App/VPNGod.entitlements;
				CODE_SIGN_IDENTITY = "iPhone Developer";
				CURRENT_PROJECT_VERSION = 1;
				INFOPLIST_FILE = VPNGod/App/Info.plist;
				LD_RUNPATH_SEARCH_PATHS = (
					"$(inherited)",
					"@executable_path/Frameworks",
				);
				MARKETING_VERSION = 1.0.0;
				PRODUCT_BUNDLE_IDENTIFIER = com.vpngod.VPNGod;
				SDKROOT = iphoneos;
				TARGETED_DEVICE_FAMILY = "1,2";
			};
			name = Debug;
		};
		FBA4D757F7A802EAABF28038 /* Release */ = {
			isa = XCBuildConfiguration;
			baseConfigurationReference = C155DE43C5EB3256781248FC /* Release.xcconfig */;
			buildSettings = {
				ASSETCATALOG_COMPILER_APPICON_NAME = AppIcon;
				CODE_SIGN_ENTITLEMENTS = VPNGod/App/VPNGod.entitlements;
				CODE_SIGN_IDENTITY = "iPhone Developer";
				CURRENT_PROJECT_VERSION = 1;
				INFOPLIST_FILE = VPNGod/App/Info.plist;
				LD_RUNPATH_SEARCH_PATHS = (
					"$(inherited)",
					"@executable_path/Frameworks",
				);
				MARKETING_VERSION = 1.0.0;
				PRODUCT_BUNDLE_IDENTIFIER = com.vpngod.VPNGod;
				SDKROOT = iphoneos;
				TARGETED_DEVICE_FAMILY = "1,2";
			};
			name = Release;
		};
/* End XCBuildConfiguration section */

/* Begin XCConfigurationList section */
		5995E59168903964F96DB97C /* Build configuration list for PBXProject "VPNGod" */ = {
			isa = XCConfigurationList;
			buildConfigurations = (
				D35CECBE1A5F6D6124062851 /* Debug */,
				1106EDA29AE354946D688434 /* Release */,
			);
			defaultConfigurationIsVisible = 0;
			defaultConfigurationName = Debug;
		};
		5A8400749CC1D9E6F545D839 /* Build configuration list for PBXNativeTarget "VPNGod" */ = {
			isa = XCConfigurationList;
			buildConfigurations = (
				E38E5750A9D921F5D35135D7 /* Debug */,
				FBA4D757F7A802EAABF28038 /* Release */,
			);
			defaultConfigurationIsVisible = 0;
			defaultConfigurationName = Debug;
		};
		686E26AAF6BB3B8A1C72D838 /* Build configuration list for PBXNativeTarget "PacketTunnel" */ = {
			isa = XCConfigurationList;
			buildConfigurations = (
				D1B220C0EE7C6FCABACF70EB /* Debug */,
				4116F3C367D134EE7133786D /* Release */,
			);
			defaultConfigurationIsVisible = 0;
			defaultConfigurationName = Debug;
		};
/* End XCConfigurationList section */

/* Begin XCLocalSwiftPackageReference section */
		D615CE1B50F03928A4CE1188 /* XCLocalSwiftPackageReference "../amneziawg-apple" */ = {
			isa = XCLocalSwiftPackageReference;
			relativePath = "../amneziawg-apple";
		};
/* End XCLocalSwiftPackageReference section */

/* Begin XCSwiftPackageProductDependency section */
		6B2645556CC991CDD2AA9DAD /* WireGuardKit */ = {
			isa = XCSwiftPackageProductDependency;
			productName = WireGuardKit;
		};
/* End XCSwiftPackageProductDependency section */
	};
	rootObject = 5FE953C0D29D826862F90BBF /* Project object */;
}
